
Microsoft Visual Studio Solution File, Format Version 12.00
# Visual Studio 14
VisualStudioVersion = 14.0.25420.1
MinimumVisualStudioVersion = 10.0.40219.1
Project("{FAE04EC0-301F-11D3-BF4B-00C04F79EFBC}") = "Core", "Core\Core.csproj", "{39B6D843-3554-4D83-8D81-B98D91B0445E}"
EndProject
Project("{FAE04EC0-301F-11D3-BF4B-00C04F79EFBC}") = "Workflow", "Workflow\Workflow.csproj", "{29875DB8-1F85-419E-B85E-CFA2FEA24559}"
EndProject
Project("{2150E333-8FDC-42A3-9474-1A3956D46DE8}") = "Tests", "Tests", "{83D8C1B2-9AF4-4521-BC75-6406CC70E1F4}"
EndProject
Project("{FAE04EC0-301F-11D3-BF4B-00C04F79EFBC}") = "CoreTest", "Tests\CoreTest\CoreTest.csproj", "{9A455DE7-7EA3-4DBD-A584-9C0AC90F2D2F}"
EndProject
Project("{FAE04EC0-301F-11D3-BF4B-00C04F79EFBC}") = "WorkflowEngineTest", "Tests\WorkflowEngineTest\WorkflowEngineTest.csproj", "{252467A2-18E4-423E-9419-B6C956D811CF}"
EndProject
Global
	GlobalSection(SolutionConfigurationPlatforms) = preSolution
		Debug|Any CPU = Debug|Any CPU
		Release|Any CPU = Release|Any CPU
	EndGlobalSection
	GlobalSection(ProjectConfigurationPlatforms) = postSolution
		{39B6D843-3554-4D83-8D81-B98D91B0445E}.Debug|Any CPU.ActiveCfg = Debug|Any CPU
		{39B6D843-3554-4D83-8D81-B98D91B0445E}.Debug|Any CPU.Build.0 = Debug|Any CPU
		{39B6D843-3554-4D83-8D81-B98D91B0445E}.Release|Any CPU.ActiveCfg = Release|Any CPU
		{39B6D843-3554-4D83-8D81-B98D91B0445E}.Release|Any CPU.Build.0 = Release|Any CPU
		{29875DB8-1F85-419E-B85E-CFA2FEA24559}.Debug|Any CPU.ActiveCfg = Debug|Any CPU
		{29875DB8-1F85-419E-B85E-CFA2FEA24559}.Debug|Any CPU.Build.0 = Debug|Any CPU
		{29875DB8-1F85-419E-B85E-CFA2FEA24559}.Release|Any CPU.ActiveCfg = Release|Any CPU
		{29875DB8-1F85-419E-B85E-CFA2FEA24559}.Release|Any CPU.Build.0 = Release|Any CPU
		{9A455DE7-7EA3-4DBD-A584-9C0AC90F2D2F}.Debug|Any CPU.ActiveCfg = Debug|Any CPU
		{9A455DE7-7EA3-4DBD-A584-9C0AC90F2D2F}.Debug|Any CPU.Build.0 = Debug|Any CPU
		{9A455DE7-7EA3-4DBD-A584-9C0AC90F2D2F}.Release|Any CPU.ActiveCfg = Release|Any CPU
		{9A455DE7-7EA3-4DBD-A584-9C0AC90F2D2F}.Release|Any CPU.Build.0 = Release|Any CPU
		{252467A2-18E4-423E-9419-B6C956D811CF}.Debug|Any CPU.ActiveCfg = Debug|Any CPU
		{252467A2-18E4-423E-9419-B6C956D811CF}.Debug|Any CPU.Build.0 = Debug|Any CPU
		{252467A2-18E4-423E-9419-B6C956D811CF}.Release|Any CPU.ActiveCfg = Release|Any CPU
		{252467A2-18E4-423E-9419-B6C956D811CF}.Release|Any CPU.Build.0 = Release|Any CPU
	EndGlobalSection
	GlobalSection(SolutionProperties) = preSolution
		HideSolutionNode = FALSE
	EndGlobalSection
	GlobalSection(NestedProjects) = preSolution
		{9A455DE7-7EA3-4DBD-A584-9C0AC90F2D2F} = {83D8C1B2-9AF4-4521-BC75-6406CC70E1F4}
		{252467A2-18E4-423E-9419-B6C956D811CF} = {83D8C1B2-9AF4-4521-BC75-6406CC70E1F4}
	EndGlobalSection
	GlobalSection(TestCaseManagementSettings) = postSolution
		CategoryFile = Common.vsmdi
	EndGlobalSection
EndGlobal
